# This file is automatically @generated by Poetry 2.2.1 and should not be changed by hand.

[[package]]
name = "cfgv"
version = "3.5.0"
description = "Validate configuration and produce human readable error messages."
optional = false
python-versions = ">=3.10"
groups = ["main"]
files = [
    {file = "cfgv-3.5.0-py2.py3-none-any.whl", hash = "sha256:a8dc6b26ad22ff227d2634a65cb388215ce6cc96bbcc5cfde7641ae87e8dacc0"},
    {file = "cfgv-3.5.0.tar.gz", hash = "sha256:d5b1034354820651caa73ede66a6294d6e95c1b00acc5e9b098e917404669132"},
]

[[package]]
name = "distlib"
version = "0.4.0"
description = "Distribution utilities"
optional = false
python-versions = "*"
groups = ["main"]
files = [
    {file = "distlib-0.4.0-py2.py3-none-any.whl", hash = "sha256:9659f7d87e46584a30b5780e43ac7a2143098441670ff0a49d5f9034c54a6c16"},
    {file = "distlib-0.4.0.tar.gz", hash = "sha256:feec40075be03a04501a973d81f633735b4b69f98b05450592310c0f401a4e0d"},
]

[[package]]
name = "filelock"
version = "3.20.0"
description = "A platform independent file lock."
optional = false
python-versions = ">=3.10"
groups = ["main"]
files = [
    {file = "filelock-3.20.0-py3-none-any.whl", hash = "sha256:339b4732ffda5cd79b13f4e2711a31b0365ce445d95d243bb996273d072546a2"},
    {file = "filelock-3.20.0.tar.gz", hash = "sha256:711e943b4ec6be42e1d4e6690b48dc175c822967466bb31c0c293f34334c13f4"},
]

[[package]]
name = "identify"
version = "2.6.15"
description = "File identification library for Python"
optional = false
python-versions = ">=3.9"
groups = ["main"]
files = [
    {file = "identify-2.6.15-py2.py3-none-any.whl", hash = "sha256:1181ef7608e00704db228516541eb83a88a9f94433a8c80bb9b5bd54b1d81757"},
    {file = "identify-2.6.15.tar.gz", hash = "sha256:e4f4864b96c6557ef2a1e1c951771838f4edc9df3a72ec7118b338801b11c7bf"},
]

[package.extras]
license = ["ukkonen"]

[[package]]
name = "nodeenv"
version = "1.9.1"
description = "Node.js virtual environment builder"
optional = false
python-versions = "!=3.0.*,!=3.1.*,!=3.2.*,!=3.3.*,!=3.4.*,!=3.5.*,!=3.6.*,>=2.7"
groups = ["main"]
files = [
    {file = "nodeenv-1.9.1-py2.py3-none-any.whl", hash = "sha256:ba11c9782d29c27c70ffbdda2d7415098754709be8a7056d79a737cd901155c9"},
    {file = "nodeenv-1.9.1.tar.gz", hash = "sha256:6ec12890a2dab7946721edbfbcd91f3319c6ccc9aec47be7c7e6b7011ee6645f"},
]

[[package]]
name = "pillow"
version = "11.1.0"
description = "Python Imaging Library (Fork)"
optional = false
python-versions = ">=3.9"
groups = ["main"]
files = [
    {file = "pillow-11.1.0-cp310-cp310-macosx_10_10_x86_64.whl", hash = "sha256:e1abe69aca89514737465752b4bcaf8016de61b3be1397a8fc260ba33321b3a8"},
    {file = "pillow-11.1.0-cp310-cp310-macosx_11_0_arm64.whl", hash = "sha256:c640e5a06869c75994624551f45e5506e4256562ead981cce820d5ab39ae2192"},
    {file = "pillow-11.1.0-cp310-cp310-manylinux_2_17_aarch64.manylinux2014_aarch64.whl", hash = "sha256:a07dba04c5e22824816b2615ad7a7484432d7f540e6fa86af60d2de57b0fcee2"},
    {file = "pillow-11.1.0-cp310-cp310-manylinux_2_17_x86_64.manylinux2014_x86_64.whl", hash = "sha256:e267b0ed063341f3e60acd25c05200df4193e15a4a5807075cd71225a2386e26"},
    {file = "pillow-11.1.0-cp310-cp310-manylinux_2_28_aarch64.whl", hash = "sha256:bd165131fd51697e22421d0e467997ad31621b74bfc0b75956608cb2906dda07"},
    {file = "pillow-11.1.0-cp310-cp310-manylinux_2_28_x86_64.whl", hash = "sha256:abc56501c3fd148d60659aae0af6ddc149660469082859fa7b066a298bde9482"},
    {file = "pillow-11.1.0-cp310-cp310-musllinux_1_2_aarch64.whl", hash = "sha256:54ce1c9a16a9561b6d6d8cb30089ab1e5eb66918cb47d457bd996ef34182922e"},
    {file = "pillow-11.1.0-cp310-cp310-musllinux_1_2_x86_64.whl", hash = "sha256:73ddde795ee9b06257dac5ad42fcb07f3b9b813f8c1f7f870f402f4dc54b5269"},
    {file = "pillow-11.1.0-cp310-cp310-win32.whl", hash = "sha256:3a5fe20a7b66e8135d7fd617b13272626a28278d0e578c98720d9ba4b2439d49"},
    {file = "pillow-11.1.0-cp310-cp310-win_amd64.whl", hash = "sha256:b6123aa4a59d75f06e9dd3dac5bf8bc9aa383121bb3dd9a7a612e05eabc9961a"},
    {file = "pillow-11.1.0-cp310-cp310-win_arm64.whl", hash = "sha256:a76da0a31da6fcae4210aa94fd779c65c75786bc9af06289cd1c184451ef7a65"},
    {file = "pillow-11.1.0-cp311-cp311-macosx_10_10_x86_64.whl", hash = "sha256:e06695e0326d05b06833b40b7ef477e475d0b1ba3a6d27da1bb48c23209bf457"},
    {file = "pillow-11.1.0-cp311-cp311-macosx_11_0_arm64.whl", hash = "sha256:96f82000e12f23e4f29346e42702b6ed9a2f2fea34a740dd5ffffcc8c539eb35"},
    {file = "pillow-11.1.0-cp311-cp311-manylinux_2_17_aarch64.manylinux2014_aarch64.whl", hash = "sha256:a3cd561ded2cf2bbae44d4605837221b987c216cff94f49dfeed63488bb228d2"},
    {file = "pillow-11.1.0-cp311-cp311-manylinux_2_17_x86_64.manylinux2014_x86_64.whl", hash = "sha256:f189805c8be5ca5add39e6f899e6ce2ed824e65fb45f3c28cb2841911da19070"},
    {file = "pillow-11.1.0-cp311-cp311-manylinux_2_28_aarch64.whl", hash = "sha256:dd0052e9db3474df30433f83a71b9b23bd9e4ef1de13d92df21a52c0303b8ab6"},
    {file = "pillow-11.1.0-cp311-cp311-manylinux_2_28_x86_64.whl", hash = "sha256:837060a8599b8f5d402e97197d4924f05a2e0d68756998345c829c33186217b1"},
    {file = "pillow-11.1.0-cp311-cp311-musllinux_1_2_aarch64.whl", hash = "sha256:aa8dd43daa836b9a8128dbe7d923423e5ad86f50a7a14dc688194b7be5c0dea2"},
    {file = "pillow-11.1.0-cp311-cp311-musllinux_1_2_x86_64.whl", hash = "sha256:0a2f91f8a8b367e7a57c6e91cd25af510168091fb89ec5146003e424e1558a96"},
    {file = "pillow-11.1.0-cp311-cp311-win32.whl", hash = "sha256:c12fc111ef090845de2bb15009372175d76ac99969bdf31e2ce9b42e4b8cd88f"},
    {file = "pillow-11.1.0-cp311-cp311-win_amd64.whl", hash = "sha256:fbd43429d0d7ed6533b25fc993861b8fd512c42d04514a0dd6337fb3ccf22761"},
    {file = "pillow-11.1.0-cp311-cp311-win_arm64.whl", hash = "sha256:f7955ecf5609dee9442cbface754f2c6e541d9e6eda87fad7f7a989b0bdb9d71"},
    {file = "pillow-11.1.0-cp312-cp312-macosx_10_13_x86_64.whl", hash = "sha256:2062ffb1d36544d42fcaa277b069c88b01bb7298f4efa06731a7fd6cc290b81a"},
    {file = "pillow-11.1.0-cp312-cp312-macosx_11_0_arm64.whl", hash = "sha256:a85b653980faad27e88b141348707ceeef8a1186f75ecc600c395dcac19f385b"},
    {file = "pillow-11.1.0-cp312-cp312-manylinux_2_17_aarch64.manylinux2014_aarch64.whl", hash = "sha256:9409c080586d1f683df3f184f20e36fb647f2e0bc3988094d4fd8c9f4eb1b3b3"},
    {file = "pillow-11.1.0-cp312-cp312-manylinux_2_17_x86_64.manylinux2014_x86_64.whl", hash = "sha256:7fdadc077553621911f27ce206ffcbec7d3f8d7b50e0da39f10997e8e2bb7f6a"},
    {file = "pillow-11.1.0-cp312-cp312-manylinux_2_28_aarch64.whl", hash = "sha256:93a18841d09bcdd774dcdc308e4537e1f867b3dec059c131fde0327899734aa1"},
    {file = "pillow-11.1.0-cp312-cp312-manylinux_2_28_x86_64.whl", hash = "sha256:9aa9aeddeed452b2f616ff5507459e7bab436916ccb10961c4a382cd3e03f47f"},
    {file = "pillow-11.1.0-cp312-cp312-musllinux_1_2_aarch64.whl", hash = "sha256:3cdcdb0b896e981678eee140d882b70092dac83ac1cdf6b3a60e2216a73f2b91"},
    {file = "pillow-11.1.0-cp312-cp312-musllinux_1_2_x86_64.whl", hash = "sha256:36ba10b9cb413e7c7dfa3e189aba252deee0602c86c309799da5a74009ac7a1c"},
    {file = "pillow-11.1.0-cp312-cp312-win32.whl", hash = "sha256:cfd5cd998c2e36a862d0e27b2df63237e67273f2fc78f47445b14e73a810e7e6"},
    {file = "pillow-11.1.0-cp312-cp312-win_amd64.whl", hash = "sha256:a697cd8ba0383bba3d2d3ada02b34ed268cb548b369943cd349007730c92bddf"},
    {file = "pillow-11.1.0-cp312-cp312-win_arm64.whl", hash = "sha256:4dd43a78897793f60766563969442020e90eb7847463eca901e41ba186a7d4a5"},
    {file = "pillow-11.1.0-cp313-cp313-macosx_10_13_x86_64.whl", hash = "sha256:ae98e14432d458fc3de11a77ccb3ae65ddce70f730e7c76140653048c71bfcbc"},
    {file = "pillow-11.1.0-cp313-cp313-macosx_11_0_arm64.whl", hash = "sha256:cc1331b6d5a6e144aeb5e626f4375f5b7ae9934ba620c0ac6b3e43d5e683a0f0"},
    {file = "pillow-11.1.0-cp313-cp313-manylinux_2_17_aarch64.manylinux2014_aarch64.whl", hash = "sha256:758e9d4ef15d3560214cddbc97b8ef3ef86ce04d62ddac17ad39ba87e89bd3b1"},
    {file = "pillow-11.1.0-cp313-cp313-manylinux_2_17_x86_64.manylinux2014_x86_64.whl", hash = "sha256:b523466b1a31d0dcef7c5be1f20b942919b62fd6e9a9be199d035509cbefc0ec"},
    {file = "pillow-11.1.0-cp313-cp313-manylinux_2_28_aarch64.whl", hash = "sha256:9044b5e4f7083f209c4e35aa5dd54b1dd5b112b108648f5c902ad586d4f945c5"},
    {file = "pillow-11.1.0-cp313-cp313-manylinux_2_28_x86_64.whl", hash = "sha256:3764d53e09cdedd91bee65c2527815d315c6b90d7b8b79759cc48d7bf5d4f114"},
    {file = "pillow-11.1.0-cp313-cp313-musllinux_1_2_aarch64.whl", hash = "sha256:31eba6bbdd27dde97b0174ddf0297d7a9c3a507a8a1480e1e60ef914fe23d352"},
    {file = "pillow-11.1.0-cp313-cp313-musllinux_1_2_x86_64.whl", hash = "sha256:b5d658fbd9f0d6eea113aea286b21d3cd4d3fd978157cbf2447a6035916506d3"},
    {file = "pillow-11.1.0-cp313-cp313-win32.whl", hash = "sha256:f86d3a7a9af5d826744fabf4afd15b9dfef44fe69a98541f666f66fbb8d3fef9"},
    {file = "pillow-11.1.0-cp313-cp313-win_amd64.whl", hash = "sha256:593c5fd6be85da83656b93ffcccc2312d2d149d251e98588b14fbc288fd8909c"},
    {file = "pillow-11.1.0-cp313-cp313-win_arm64.whl", hash = "sha256:11633d58b6ee5733bde153a8dafd25e505ea3d32e261accd388827ee987baf65"},
    {file = "pillow-11.1.0-cp313-cp313t-macosx_10_13_x86_64.whl", hash = "sha256:70ca5ef3b3b1c4a0812b5c63c57c23b63e53bc38e758b37a951e5bc466449861"},
    {file = "pillow-11.1.0-cp313-cp313t-macosx_11_0_arm64.whl", hash = "sha256:8000376f139d4d38d6851eb149b321a52bb8893a88dae8ee7d95840431977081"},
    {file = "pillow-11.1.0-cp313-cp313t-manylinux_2_17_x86_64.manylinux2014_x86_64.whl", hash = "sha256:9ee85f0696a17dd28fbcfceb59f9510aa71934b483d1f5601d1030c3c8304f3c"},
    {file = "pillow-11.1.0-cp313-cp313t-manylinux_2_28_x86_64.whl", hash = "sha256:dd0e081319328928531df7a0e63621caf67652c8464303fd102141b785ef9547"},
    {file = "pillow-11.1.0-cp313-cp313t-musllinux_1_2_x86_64.whl", hash = "sha256:e63e4e5081de46517099dc30abe418122f54531a6ae2ebc8680bcd7096860eab"},
    {file = "pillow-11.1.0-cp313-cp313t-win32.whl", hash = "sha256:dda60aa465b861324e65a78c9f5cf0f4bc713e4309f83bc387be158b077963d9"},
    {file = "pillow-11.1.0-cp313-cp313t-win_amd64.whl", hash = "sha256:ad5db5781c774ab9a9b2c4302bbf0c1014960a0a7be63278d13ae6fdf88126fe"},
    {file = "pillow-11.1.0-cp313-cp313t-win_arm64.whl", hash = "sha256:67cd427c68926108778a9005f2a04adbd5e67c442ed21d95389fe1d595458756"},
    {file = "pillow-11.1.0-cp39-cp39-macosx_10_10_x86_64.whl", hash = "sha256:bf902d7413c82a1bfa08b06a070876132a5ae6b2388e2712aab3a7cbc02205c6"},
    {file = "pillow-11.1.0-cp39-cp39-macosx_11_0_arm64.whl", hash = "sha256:c1eec9d950b6fe688edee07138993e54ee4ae634c51443cfb7c1e7613322718e"},
    {file = "pillow-11.1.0-cp39-cp39-manylinux_2_17_aarch64.manylinux2014_aarch64.whl", hash = "sha256:8e275ee4cb11c262bd108ab2081f750db2a1c0b8c12c1897f27b160c8bd57bbc"},
    {file = "pillow-11.1.0-cp39-cp39-manylinux_2_17_x86_64.manylinux2014_x86_64.whl", hash = "sha256:4db853948ce4e718f2fc775b75c37ba2efb6aaea41a1a5fc57f0af59eee774b2"},
    {file = "pillow-11.1.0-cp39-cp39-manylinux_2_28_aarch64.whl", hash = "sha256:ab8a209b8485d3db694fa97a896d96dd6533d63c22829043fd9de627060beade"},
    {file = "pillow-11.1.0-cp39-cp39-manylinux_2_28_x86_64.whl", hash = "sha256:54251ef02a2309b5eec99d151ebf5c9904b77976c8abdcbce7891ed22df53884"},
    {file = "pillow-11.1.0-cp39-cp39-musllinux_1_2_aarch64.whl", hash = "sha256:5bb94705aea800051a743aa4874bb1397d4695fb0583ba5e425ee0328757f196"},
    {file = "pillow-11.1.0-cp39-cp39-musllinux_1_2_x86_64.whl", hash = "sha256:89dbdb3e6e9594d512780a5a1c42801879628b38e3efc7038094430844e271d8"},
    {file = "pillow-11.1.0-cp39-cp39-win32.whl", hash = "sha256:e5449ca63da169a2e6068dd0e2fcc8d91f9558aba89ff6d02121ca8ab11e79e5"},
    {file = "pillow-11.1.0-cp39-cp39-win_amd64.whl", hash = "sha256:3362c6ca227e65c54bf71a5f88b3d4565ff1bcbc63ae72c34b07bbb1cc59a43f"},
    {file = "pillow-11.1.0-cp39-cp39-win_arm64.whl", hash = "sha256:b20be51b37a75cc54c2c55def3fa2c65bb94ba859dde241cd0a4fd302de5ae0a"},
    {file = "pillow-11.1.0-pp310-pypy310_pp73-macosx_10_15_x86_64.whl", hash = "sha256:8c730dc3a83e5ac137fbc92dfcfe1511ce3b2b5d7578315b63dbbb76f7f51d90"},
    {file = "pillow-11.1.0-pp310-pypy310_pp73-macosx_11_0_arm64.whl", hash = "sha256:7d33d2fae0e8b170b6a6c57400e077412240f6f5bb2a342cf1ee512a787942bb"},
    {file = "pillow-11.1.0-pp310-pypy310_pp73-manylinux_2_17_aarch64.manylinux2014_aarch64.whl", hash = "sha256:a8d65b38173085f24bc07f8b6c505cbb7418009fa1a1fcb111b1f4961814a442"},
    {file = "pillow-11.1.0-pp310-pypy310_pp73-manylinux_2_17_x86_64.manylinux2014_x86_64.whl", hash = "sha256:015c6e863faa4779251436db398ae75051469f7c903b043a48f078e437656f83"},
    {file = "pillow-11.1.0-pp310-pypy310_pp73-manylinux_2_28_aarch64.whl", hash = "sha256:d44ff19eea13ae4acdaaab0179fa68c0c6f2f45d66a4d8ec1eda7d6cecbcc15f"},
    {file = "pillow-11.1.0-pp310-pypy310_pp73-manylinux_2_28_x86_64.whl", hash = "sha256:d3d8da4a631471dfaf94c10c85f5277b1f8e42ac42bade1ac67da4b4a7359b73"},
    {file = "pillow-11.1.0-pp310-pypy310_pp73-win_amd64.whl", hash = "sha256:4637b88343166249fe8aa94e7c4a62a180c4b3898283bb5d3d2fd5fe10d8e4e0"},
    {file = "pillow-11.1.0.tar.gz", hash = "sha256:368da70808b36d73b4b390a8ffac11069f8a5c85f29eff1f1b01bcf3ef5b2a20"},
]

[package.extras]
docs = ["furo", "olefile", "sphinx (>=8.1)", "sphinx-copybutton", "sphinx-inline-tabs", "sphinxext-opengraph"]
fpx = ["olefile"]
mic = ["olefile"]
tests = ["check-manifest", "coverage (>=7.4.2)", "defusedxml", "markdown2", "olefile", "packaging", "pyroma", "pytest", "pytest-cov", "pytest-timeout", "trove-classifiers (>=2024.10.12)"]
typing = ["typing-extensions ; python_version < \"3.10\""]
xmp = ["defusedxml"]

[[package]]
name = "pillow-heif"
version = "0.21.0"
description = "Python interface for libheif library"
optional = false
python-versions = ">=3.9"
groups = ["main"]
files = [
    {file = "pillow_heif-0.21.0-cp310-cp310-macosx_13_0_x86_64.whl", hash = "sha256:f54609401164b0cb58000bd2516a88516b5e3e9b2f9c52ad9500575f1851da5e"},
    {file = "pillow_heif-0.21.0-cp310-cp310-macosx_14_0_arm64.whl", hash = "sha256:d0a68246340d4fad4f10721a1a50b87a7011f1bd18d0a7b7d231e196776d0260"},
    {file = "pillow_heif-0.21.0-cp310-cp310-manylinux_2_17_aarch64.manylinux2014_aarch64.whl", hash = "sha256:208b066bc7349b1ea1447199668edb6e2f74f36df54c86457ecb0131db8294df"},
    {file = "pillow_heif-0.21.0-cp310-cp310-manylinux_2_17_x86_64.manylinux2014_x86_64.whl", hash = "sha256:cea6f1519a9c486baf3bdf63487fa3f699402724895d64841bb4636258a87c90"},
    {file = "pillow_heif-0.21.0-cp310-cp310-musllinux_1_2_aarch64.whl", hash = "sha256:7f9e939cd8e343237800fe998e26558a82cb25496b74d7674f29e75dc87eb636"},
    {file = "pillow_heif-0.21.0-cp310-cp310-musllinux_1_2_x86_64.whl", hash = "sha256:8b30fbbb672a3413413bcfc726f9994e495c647c6b96ab9f832dccb61b67fb2f"},
    {file = "pillow_heif-0.21.0-cp310-cp310-win_amd64.whl", hash = "sha256:9807c955ea7ed2caa5d105aea7d870d8c0958079ed2aba39a6ace7ef82aad402"},
    {file = "pillow_heif-0.21.0-cp311-cp311-macosx_13_0_x86_64.whl", hash = "sha256:0c3ffa486f56f52fe790d3b1bd522d93d2f59e22ce86045641cd596adc3c5273"},
    {file = "pillow_heif-0.21.0-cp311-cp311-macosx_14_0_arm64.whl", hash = "sha256:c46be20058d72a5a158ffc65e6158279a4bcb337707a29b312c5293846bd5b8a"},
    {file = "pillow_heif-0.21.0-cp311-cp311-manylinux_2_17_aarch64.manylinux2014_aarch64.whl", hash = "sha256:06663c825a3d71779e51df02080467761b74d515e59fce9d780220cd75de7dd0"},
    {file = "pillow_heif-0.21.0-cp311-cp311-manylinux_2_17_x86_64.manylinux2014_x86_64.whl", hash = "sha256:23efab69a03a9a3a9ff07043d8c8bf0d15ffd661ecc5c7bff59b386eb25f0466"},
    {file = "pillow_heif-0.21.0-cp311-cp311-musllinux_1_2_aarch64.whl", hash = "sha256:e5eebb73268b806d3c801271126382da4f556b756990f87590c843c5a8ec14e2"},
    {file = "pillow_heif-0.21.0-cp311-cp311-musllinux_1_2_x86_64.whl", hash = "sha256:3456b4cdb4da485f27c53a91c81f0488b44dc99c0be6870f6a1dc5ac85709894"},
    {file = "pillow_heif-0.21.0-cp311-cp311-win_amd64.whl", hash = "sha256:d36441100756122b9d401502e39b60d0df9d876a929f5db858a4b7d05cc02e88"},
    {file = "pillow_heif-0.21.0-cp312-cp312-macosx_13_0_x86_64.whl", hash = "sha256:0aaea6ea45257cf74e76666b80b6109f8f56217009534726fa7f6a5694ebd563"},
    {file = "pillow_heif-0.21.0-cp312-cp312-macosx_14_0_arm64.whl", hash = "sha256:f28c2c934f547823de3e204e48866c571d81ebb6b3e8646c32fe2104c570c7b2"},
    {file = "pillow_heif-0.21.0-cp312-cp312-manylinux_2_17_aarch64.manylinux2014_aarch64.whl", hash = "sha256:e10ab63559346fc294b9612502221ddd6bfac8cd74091ace7328fefc1163a167"},
    {file = "pillow_heif-0.21.0-cp312-cp312-manylinux_2_17_x86_64.manylinux2014_x86_64.whl", hash = "sha256:da2a015cfe4afec75551190d93c99dda13410aec89dc468794885b90f870f657"},
    {file = "pillow_heif-0.21.0-cp312-cp312-musllinux_1_2_aarch64.whl", hash = "sha256:41693f5d87ed2b5fd01df4a6215045aff14d148a750aa0708c77e71139698154"},
    {file = "pillow_heif-0.21.0-cp312-cp312-musllinux_1_2_x86_64.whl", hash = "sha256:8b27031c561ee3485a119c769fc2ef41d81fae1de530857beef935683e09615e"},
    {file = "pillow_heif-0.21.0-cp312-cp312-win_amd64.whl", hash = "sha256:60196c08e9c256e81054c5da468eb5a0266c931b8564c96283a43e5fd2d7ce0e"},
    {file = "pillow_heif-0.21.0-cp313-cp313-macosx_13_0_x86_64.whl", hash = "sha256:9e67aae3c22a90bc7dfd42c9f0033c53a7d358e0f0d5d29aa42f2f193162fb01"},
    {file = "pillow_heif-0.21.0-cp313-cp313-macosx_14_0_arm64.whl", hash = "sha256:ee2d68cbc0df8ba6fd9103ac6b550ebafcaa3a179416737a96becf6e5f079586"},
    {file = "pillow_heif-0.21.0-cp313-cp313-manylinux_2_17_aarch64.manylinux2014_aarch64.whl", hash = "sha256:9e5c0df7b8c84e4a8c249ba45ceca2453f205028d8a6525612ec6dd0553d925d"},
    {file = "pillow_heif-0.21.0-cp313-cp313-manylinux_2_17_x86_64.manylinux2014_x86_64.whl", hash = "sha256:aaedb7f16f3f18fbb315648ba576d0d7bb26b18b50c16281665123c38f73101e"},
    {file = "pillow_heif-0.21.0-cp313-cp313-musllinux_1_2_aarch64.whl", hash = "sha256:6724d6a2561f36b06e14e1cd396c004d32717e81528cb03565491ac8679ed760"},
    {file = "pillow_heif-0.21.0-cp313-cp313-musllinux_1_2_x86_64.whl", hash = "sha256:bf2e2b0abad455a0896118856e82a8d5358dfe5480bedd09ddd6a04b23773899"},
    {file = "pillow_heif-0.21.0-cp313-cp313-win_amd64.whl", hash = "sha256:1b6ba6c3c4de739a1abf4f7fe0cdd04acd9e0c7fc661985b9a5288d94893a4b1"},
    {file = "pillow_heif-0.21.0-cp39-cp39-macosx_13_0_x86_64.whl", hash = "sha256:2448e180150b1ecb6576cc5030a6d14a179a7fa430b2b54d976f3beb3c5628ae"},
    {file = "pillow_heif-0.21.0-cp39-cp39-macosx_14_0_arm64.whl", hash = "sha256:fa9a91d6e390e78fe5670ff6083f26d13c6f1cabfaf0f61d0b272f50b5651c81"},
    {file = "pillow_heif-0.21.0-cp39-cp39-manylinux_2_17_aarch64.manylinux2014_aarch64.whl", hash = "sha256:dc919aa10fe97cb2134043d6e2d0d7fdbe17d7a2a833b202437e53be39fa7eae"},
    {file = "pillow_heif-0.21.0-cp39-cp39-manylinux_2_17_x86_64.manylinux2014_x86_64.whl", hash = "sha256:8d2fec1715ec77c2622e1eb52a6b30b58cea437b66dc45cfd28515dcb70bcc99"},
    {file = "pillow_heif-0.21.0-cp39-cp39-musllinux_1_2_aarch64.whl", hash = "sha256:55cba67787dfabb20e3fe0f54e4e768ca42c0ac5aa74c6b293b3407c7782fc87"},
    {file = "pillow_heif-0.21.0-cp39-cp39-musllinux_1_2_x86_64.whl", hash = "sha256:04e824c087934bfd09605a992788db3c461f045a903dbc9f14b20eba0df0c6ac"},
    {file = "pillow_heif-0.21.0-cp39-cp39-win_amd64.whl", hash = "sha256:c2d2ec026094c919ce010921586192968abe9dfd2528b38bce905c74cac9b9c6"},
    {file = "pillow_heif-0.21.0-pp310-pypy310_pp73-macosx_13_0_x86_64.whl", hash = "sha256:9305aa837ce77d98a8b5e7bc8f86eeaefb52237686d84d60de11d55bad541d7f"},
    {file = "pillow_heif-0.21.0-pp310-pypy310_pp73-macosx_14_0_arm64.whl", hash = "sha256:fc9bfc50f55267d13b0abf63bd7d141b92a39e09812dadee1a88b5863d9b8808"},
    {file = "pillow_heif-0.21.0-pp310-pypy310_pp73-manylinux_2_17_aarch64.manylinux2014_aarch64.whl", hash = "sha256:03273b94a7548ba615f6bfc1031137f1a025b657226de6c3f09f84945295f565"},
    {file = "pillow_heif-0.21.0-pp310-pypy310_pp73-manylinux_2_17_x86_64.manylinux2014_x86_64.whl", hash = "sha256:6576c9c7713e33150395cdc6e9cf59efd8f42c5783cf0764092ba50a048ee2c6"},
    {file = "pillow_heif-0.21.0-pp310-pypy310_pp73-win_amd64.whl", hash = "sha256:2813c34cdd3f07e406b6a2cb216019409eb62270e6799088ddf3d4cb08a0d503"},
    {file = "pillow_heif-0.21.0-pp39-pypy39_pp73-macosx_13_0_x86_64.whl", hash = "sha256:b06125d594ca71c9af3bf69118c661b8f82a3a7ce2d2ea5302328d91ebef36cb"},
    {file = "pillow_heif-0.21.0-pp39-pypy39_pp73-macosx_14_0_arm64.whl", hash = "sha256:22a73ed7ca5c2c8ef1b4872827dc7d8a6875938e9e791fff2db92fb4ca60f560"},
    {file = "pillow_heif-0.21.0-pp39-pypy39_pp73-manylinux_2_17_aarch64.manylinux2014_aarch64.whl", hash = "sha256:121451d016c450bfb4d926fe08274e165553679917eb8c85d41fcadfda5f3b2e"},
    {file = "pillow_heif-0.21.0-pp39-pypy39_pp73-manylinux_2_17_x86_64.manylinux2014_x86_64.whl", hash = "sha256:5680a00519e5f3c7c1c51dfd41e7f1c632793dfde57a9620339ba4cc70cf9196"},
    {file = "pillow_heif-0.21.0-pp39-pypy39_pp73-win_amd64.whl", hash = "sha256:a39d1043ec74afdeef00086c8d24b3cc30095927817182ae5bc960ddb3422d9c"},
    {file = "pillow_heif-0.21.0.tar.gz", hash = "sha256:07aee1bff05e5d61feb989eaa745ae21b367011fd66ee48f7732931f8a12b49b"},
]

[package.dependencies]
pillow = ">=10.1.0"

[package.extras]
dev = ["coverage", "defusedxml", "numpy", "opencv-python (==4.10.0.84)", "packaging", "pre-commit", "pylint", "pympler", "pytest"]
docs = ["sphinx (>=4.4)", "sphinx-issues (>=3.0.1)", "sphinx-rtd-theme (>=1.0)"]
tests = ["defusedxml", "numpy", "packaging", "pympler", "pytest"]
tests-min = ["defusedxml", "packaging", "pytest"]

[[package]]
name = "platformdirs"
version = "4.5.1"
description = "A small Python package for determining appropriate platform-specific dirs, e.g. a `user data dir`."
optional = false
python-versions = ">=3.10"
groups = ["main"]
files = [
    {file = "platformdirs-4.5.1-py3-none-any.whl", hash = "sha256:d03afa3963c806a9bed9d5125c8f4cb2fdaf74a55ab60e5d59b3fde758104d31"},
    {file = "platformdirs-4.5.1.tar.gz", hash = "sha256:61d5cdcc6065745cdd94f0f878977f8de9437be93de97c1c12f853c9c0cdcbda"},
]

[package.extras]
docs = ["furo (>=2025.9.25)", "proselint (>=0.14)", "sphinx (>=8.2.3)", "sphinx-autodoc-typehints (>=3.2)"]
test = ["appdirs (==1.4.4)", "covdefaults (>=2.3)", "pytest (>=8.4.2)", "pytest-cov (>=7)", "pytest-mock (>=3.15.1)"]
type = ["mypy (>=1.18.2)"]

[[package]]
name = "pre-commit"
version = "4.5.0"
description = "A framework for managing and maintaining multi-language pre-commit hooks."
optional = false
python-versions = ">=3.10"
groups = ["main"]
files = [
    {file = "pre_commit-4.5.0-py2.py3-none-any.whl", hash = "sha256:25e2ce09595174d9c97860a95609f9f852c0614ba602de3561e267547f2335e1"},
    {file = "pre_commit-4.5.0.tar.gz", hash = "sha256:dc5a065e932b19fc1d4c653c6939068fe54325af8e741e74e88db4d28a4dd66b"},
]

[package.dependencies]
cfgv = ">=2.0.0"
identify = ">=1.0.0"
nodeenv = ">=0.11.1"
pyyaml = ">=5.1"
virtualenv = ">=20.10.0"

[[package]]
name = "pyyaml"
version = "6.0.3"
description = "YAML parser and emitter for Python"
optional = false
python-versions = ">=3.8"
groups = ["main"]
files = [
    {file = "PyYAML-6.0.3-cp38-cp38-macosx_10_13_x86_64.whl", hash = "sha256:c2514fceb77bc5e7a2f7adfaa1feb2fb311607c9cb518dbc378688ec73d8292f"},
    {file = "PyYAML-6.0.3-cp38-cp38-manylinux2014_aarch64.manylinux_2_17_aarch64.manylinux_2_28_aarch64.whl", hash = "sha256:9c57bb8c96f6d1808c030b1687b9b5fb476abaa47f0db9c0101f5e9f394e97f4"},
    {file = "PyYAML-6.0.3-cp38-cp38-manylinux2014_s390x.manylinux_2_17_s390x.manylinux_2_28_s390x.whl", hash = "sha256:efd7b85f94a6f21e4932043973a7ba2613b059c4a000551892ac9f1d11f5baf3"},
    {file = "PyYAML-6.0.3-cp38-cp38-manylinux2014_x86_64.manylinux_2_17_x86_64.manylinux_2_28_x86_64.whl", hash = "sha256:22ba7cfcad58ef3ecddc7ed1db3409af68d023b7f940da23c6c2a1890976eda6"},
    {file = "PyYAML-6.0.3-cp38-cp38-musllinux_1_2_x86_64.whl", hash = "sha256:6344df0d5755a2c9a276d4473ae6b90647e216ab4757f8426893b5dd2ac3f369"},
    {file = "PyYAML-6.0.3-cp38-cp38-win32.whl", hash = "sha256:3ff07ec89bae51176c0549bc4c63aa6202991da2d9a6129d7aef7f1407d3f295"},
    {file = "PyYAML-6.0.3-cp38-cp38-win_amd64.whl", hash = "sha256:5cf4e27da7e3fbed4d6c3d8e797387aaad68102272f8f9752883bc32d61cb87b"},
    {file = "pyyaml-6.0.3-cp310-cp310-macosx_10_13_x86_64.whl", hash = "sha256:214ed4befebe12df36bcc8bc2b64b396ca31be9304b8f59e25c11cf94a4c033b"},
    {file = "pyyaml-6.0.3-cp310-cp310-macosx_11_0_arm64.whl", hash = "sha256:02ea2dfa234451bbb8772601d7b8e426c2bfa197136796224e50e35a78777956"},
    {file = "pyyaml-6.0.3-cp310-cp310-manylinux2014_aarch64.manylinux_2_17_aarch64.manylinux_2_28_aarch64.whl", hash = "sha256:b30236e45cf30d2b8e7b3e85881719e98507abed1011bf463a8fa23e9c3e98a8"},
    {file = "pyyaml-6.0.3-cp310-cp310-manylinux2014_s390x.manylinux_2_17_s390x.manylinux_2_28_s390x.whl", hash = "sha256:66291b10affd76d76f54fad28e22e51719ef9ba22b29e1d7d03d6777a9174198"},
    {file = "pyyaml-6.0.3-cp310-cp310-manylinux2014_x86_64.manylinux_2_17_x86_64.manylinux_2_28_x86_64.whl", hash = "sha256:9c7708761fccb9397fe64bbc0395abcae8c4bf7b0eac081e12b809bf47700d0b"},
    {file = "pyyaml-6.0.3-cp310-cp310-musllinux_1_2_aarch64.whl", hash = "sha256:418cf3f2111bc80e0933b2cd8cd04f286338bb88bdc7bc8e6dd775ebde60b5e0"},
    {file = "pyyaml-6.0.3-cp310-cp310-musllinux_1_2_x86_64.whl", hash = "sha256:5e0b74767e5f8c593e8c9b5912019159ed0533c70051e9cce3e8b6aa699fcd69"},
    {file = "pyyaml-6.0.3-cp310-cp310-win32.whl", hash = "sha256:28c8d926f98f432f88adc23edf2e6d4921ac26fb084b028c733d01868d19007e"},
    {file = "pyyaml-6.0.3-cp310-cp310-win_amd64.whl", hash = "sha256:bdb2c67c6c1390b63c6ff89f210c8fd09d9a1217a465701eac7316313c915e4c"},
    {file = "pyyaml-6.0.3-cp311-cp311-macosx_10_13_x86_64.whl", hash = "sha256:44edc647873928551a01e7a563d7452ccdebee747728c1080d881d68af7b997e"},
    {file = "pyyaml-6.0.3-cp311-cp311-macosx_11_0_arm64.whl", hash = "sha256:652cb6edd41e718550aad172851962662ff2681490a8a711af6a4d288dd96824"},
    {file = "pyyaml-6.0.3-cp311-cp311-manylinux2014_aarch64.manylinux_2_17_aarch64.manylinux_2_28_aarch64.whl", hash = "sha256:10892704fc220243f5305762e276552a0395f7beb4dbf9b14ec8fd43b57f126c"},
    {file = "pyyaml-6.0.3-cp311-cp311-manylinux2014_s390x.manylinux_2_17_s390x.manylinux_2_28_s390x.whl", hash = "sha256:850774a7879607d3a6f50d36d04f00ee69e7fc816450e5f7e58d7f17f1ae5c00"},
    {file = "pyyaml-6.0.3-cp311-cp311-manylinux2014_x86_64.manylinux_2_17_x86_64.manylinux_2_28_x86_64.whl", hash = "sha256:b8bb0864c5a28024fac8a632c443c87c5aa6f215c0b126c449ae1a150412f31d"},
    {file = "pyyaml-6.0.3-cp311-cp311-musllinux_1_2_aarch64.whl", hash = "sha256:1d37d57ad971609cf3c53ba6a7e365e40660e3be0e5175fa9f2365a379d6095a"},
    {file = "pyyaml-6.0.3-cp311-cp311-musllinux_1_2_x86_64.whl", hash = "sha256:37503bfbfc9d2c40b344d06b2199cf0e96e97957ab1c1b546fd4f87e53e5d3e4"},
    {file = "pyyaml-6.0.3-cp311-cp311-win32.whl", hash = "sha256:8098f252adfa6c80ab48096053f512f2321f0b998f98150cea9bd23d83e1467b"},
    {file = "pyyaml-6.0.3-cp311-cp311-win_amd64.whl", hash = "sha256:9f3bfb4965eb874431221a3ff3fdcddc7e74e3b07799e0e84ca4a0f867d449bf"},
    {file = "pyyaml-6.0.3-cp312-cp312-macosx_10_13_x86_64.whl", hash = "sha256:7f047e29dcae44602496db43be01ad42fc6f1cc0d8cd6c83d342306c32270196"},
    {file = "pyyaml-6.0.3-cp312-cp312-macosx_11_0_arm64.whl", hash = "sha256:fc09d0aa354569bc501d4e787133afc08552722d3ab34836a80547331bb5d4a0"},
    {file = "pyyaml-6.0.3-cp312-cp312-manylinux2014_aarch64.manylinux_2_17_aarch64.manylinux_2_28_aarch64.whl", hash = "sha256:9149cad251584d5fb4981be1ecde53a1ca46c891a79788c0df828d2f166bda28"},
    {file = "pyyaml-6.0.3-cp312-cp312-manylinux2014_s390x.manylinux_2_17_s390x.manylinux_2_28_s390x.whl", hash = "sha256:5fdec68f91a0c6739b380c83b951e2c72ac0197ace422360e6d5a959d8d97b2c"},
    {file = "pyyaml-6.0.3-cp312-cp312-manylinux2014_x86_64.manylinux_2_17_x86_64.manylinux_2_28_x86_64.whl", hash = "sha256:ba1cc08a7ccde2d2ec775841541641e4548226580ab850948cbfda66a1befcdc"},
    {file = "pyyaml-6.0.3-cp312-cp312-musllinux_1_2_aarch64.whl", hash = "sha256:8dc52c23056b9ddd46818a57b78404882310fb473d63f17b07d5c40421e47f8e"},
    {file = "pyyaml-6.0.3-cp312-cp312-musllinux_1_2_x86_64.whl", hash = "sha256:41715c910c881bc081f1e8872880d3c650acf13dfa8214bad49ed4cede7c34ea"},
    {file = "pyyaml-6.0.3-cp312-cp312-win32.whl", hash = "sha256:96b533f0e99f6579b3d4d4995707cf36df9100d67e0c8303a0c55b27b5f99bc5"},
    {file = "pyyaml-6.0.3-cp312-cp312-win_amd64.whl", hash = "sha256:5fcd34e47f6e0b794d17de1b4ff496c00986e1c83f7ab2fb8fcfe9616ff7477b"},
    {file = "pyyaml-6.0.3-cp312-cp312-win_arm64.whl", hash = "sha256:64386e5e707d03a7e172c0701abfb7e10f0fb753ee1d773128192742712a98fd"},
    {file = "pyyaml-6.0.3-cp313-cp313-macosx_10_13_x86_64.whl", hash = "sha256:8da9669d359f02c0b91ccc01cac4a67f16afec0dac22c2ad09f46bee0697eba8"},
    {file = "pyyaml-6.0.3-cp313-cp313-macosx_11_0_arm64.whl", hash = "sha256:2283a07e2c21a2aa78d9c4442724ec1eb15f5e42a723b99cb3d822d48f5f7ad1"},
    {file = "pyyaml-6.0.3-cp313-cp313-manylinux2014_aarch64.manylinux_2_17_aarch64.manylinux_2_28_aarch64.whl", hash = "sha256:ee2922902c45ae8ccada2c5b501ab86c36525b883eff4255313a253a3160861c"},
    {file = "pyyaml-6.0.3-cp313-cp313-manylinux2014_s390x.manylinux_2_17_s390x.manylinux_2_28_s390x.whl", hash = "sha256:a33284e20b78bd4a18c8c2282d549d10bc8408a2a7ff57653c0cf0b9be0afce5"},
    {file = "pyyaml-6.0.3-cp313-cp313-manylinux2014_x86_64.manylinux_2_17_x86_64.manylinux_2_28_x86_64.whl", hash = "sha256:0f29edc409a6392443abf94b9cf89ce99889a1dd5376d94316ae5145dfedd5d6"},
    {file = "pyyaml-6.0.3-cp313-cp313-musllinux_1_2_aarch64.whl", hash = "sha256:f7057c9a337546edc7973c0d3ba84ddcdf0daa14533c2065749c9075001090e6"},
    {file = "pyyaml-6.0.3-cp313-cp313-musllinux_1_2_x86_64.whl", hash = "sha256:eda16858a3cab07b80edaf74336ece1f986ba330fdb8ee0d6c0d68fe82bc96be"},
    {file = "pyyaml-6.0.3-cp313-cp313-win32.whl", hash = "sha256:d0eae10f8159e8fdad514efdc92d74fd8d682c933a6dd088030f3834bc8e6b26"},
    {file = "pyyaml-6.0.3-cp313-cp313-win_amd64.whl", hash = "sha256:79005a0d97d5ddabfeeea4cf676af11e647e41d81c9a7722a193022accdb6b7c"},
    {file = "pyyaml-6.0.3-cp313-cp313-win_arm64.whl", hash = "sha256:5498cd1645aa724a7c71c8f378eb29ebe23da2fc0d7a08071d89469bf1d2defb"},
    {file = "pyyaml-6.0.3-cp314-cp314-macosx_10_13_x86_64.whl", hash = "sha256:8d1fab6bb153a416f9aeb4b8763bc0f22a5586065f86f7664fc23339fc1c1fac"},
    {file = "pyyaml-6.0.3-cp314-cp314-macosx_11_0_arm64.whl", hash = "sha256:34d5fcd24b8445fadc33f9cf348c1047101756fd760b4dacb5c3e99755703310"},
    {file = "pyyaml-6.0.3-cp314-cp314-manylinux2014_aarch64.manylinux_2_17_aarch64.manylinux_2_28_aarch64.whl", hash = "sha256:501a031947e3a9025ed4405a168e6ef5ae3126c59f90ce0cd6f2bfc477be31b7"},
    {file = "pyyaml-6.0.3-cp314-cp314-manylinux2014_s390x.manylinux_2_17_s390x.manylinux_2_28_s390x.whl", hash = "sha256:b3bc83488de33889877a0f2543ade9f70c67d66d9ebb4ac959502e12de895788"},
    {file = "pyyaml-6.0.3-cp314-cp314-manylinux2014_x86_64.manylinux_2_17_x86_64.manylinux_2_28_x86_64.whl", hash = "sha256:c458b6d084f9b935061bc36216e8a69a7e293a2f1e68bf956dcd9e6cbcd143f5"},
    {file = "pyyaml-6.0.3-cp314-cp314-musllinux_1_2_aarch64.whl", hash = "sha256:7c6610def4f163542a622a73fb39f534f8c101d690126992300bf3207eab9764"},
    {file = "pyyaml-6.0.3-cp314-cp314-musllinux_1_2_x86_64.whl", hash = "sha256:5190d403f121660ce8d1d2c1bb2ef1bd05b5f68533fc5c2ea899bd15f4399b35"},
    {file = "pyyaml-6.0.3-cp314-cp314-win_amd64.whl", hash = "sha256:4a2e8cebe2ff6ab7d1050ecd59c25d4c8bd7e6f400f5f82b96557ac0abafd0ac"},
    {file = "pyyaml-6.0.3-cp314-cp314-win_arm64.whl", hash = "sha256:93dda82c9c22deb0a405ea4dc5f2d0cda384168e466364dec6255b293923b2f3"},
    {file = "pyyaml-6.0.3-cp314-cp314t-macosx_10_13_x86_64.whl", hash = "sha256:02893d100e99e03eda1c8fd5c441d8c60103fd175728e23e431db1b589cf5ab3"},
    {file = "pyyaml-6.0.3-cp314-cp314t-macosx_11_0_arm64.whl", hash = "sha256:c1ff362665ae507275af2853520967820d9124984e0f7466736aea23d8611fba"},
    {file = "pyyaml-6.0.3-cp314-cp314t-manylinux2014_aarch64.manylinux_2_17_aarch64.manylinux_2_28_aarch64.whl", hash = "sha256:6adc77889b628398debc7b65c073bcb99c4a0237b248cacaf3fe8a557563ef6c"},
    {file = "pyyaml-6.0.3-cp314-cp314t-manylinux2014_s390x.manylinux_2_17_s390x.manylinux_2_28_s390x.whl", hash = "sha256:a80cb027f6b349846a3bf6d73b5e95e782175e52f22108cfa17876aaeff93702"},
    {file = "pyyaml-6.0.3-cp314-cp314t-manylinux2014_x86_64.manylinux_2_17_x86_64.manylinux_2_28_x86_64.whl", hash = "sha256:00c4bdeba853cc34e7dd471f16b4114f4162dc03e6b7afcc2128711f0eca823c"},
    {file = "pyyaml-6.0.3-cp314-cp314t-musllinux_1_2_aarch64.whl", hash = "sha256:66e1674c3ef6f541c35191caae2d429b967b99e02040f5ba928632d9a7f0f065"},
    {file = "pyyaml-6.0.3-cp314-cp314t-musllinux_1_2_x86_64.whl", hash = "sha256:16249ee61e95f858e83976573de0f5b2893b3677ba71c9dd36b9cf8be9ac6d65"},
    {file = "pyyaml-6.0.3-cp314-cp314t-win_amd64.whl", hash = "sha256:4ad1906908f2f5ae4e5a8ddfce73c320c2a1429ec52eafd27138b7f1cbe341c9"},
    {file = "pyyaml-6.0.3-cp314-cp314t-win_arm64.whl", hash = "sha256:ebc55a14a21cb14062aa4162f906cd962b28e2e9ea38f9b4391244cd8de4ae0b"},
    {file = "pyyaml-6.0.3-cp39-cp39-macosx_10_13_x86_64.whl", hash = "sha256:b865addae83924361678b652338317d1bd7e79b1f4596f96b96c77a5a34b34da"},
    {file = "pyyaml-6.0.3-cp39-cp39-macosx_11_0_arm64.whl", hash = "sha256:c3355370a2c156cffb25e876646f149d5d68f5e0a3ce86a5084dd0b64a994917"},
    {file = "pyyaml-6.0.3-cp39-cp39-manylinux2014_aarch64.manylinux_2_17_aarch64.manylinux_2_28_aarch64.whl", hash = "sha256:3c5677e12444c15717b902a5798264fa7909e41153cdf9ef7ad571b704a63dd9"},
    {file = "pyyaml-6.0.3-cp39-cp39-manylinux2014_s390x.manylinux_2_17_s390x.manylinux_2_28_s390x.whl", hash = "sha256:5ed875a24292240029e4483f9d4a4b8a1ae08843b9c54f43fcc11e404532a8a5"},
    {file = "pyyaml-6.0.3-cp39-cp39-manylinux2014_x86_64.manylinux_2_17_x86_64.manylinux_2_28_x86_64.whl", hash = "sha256:0150219816b6a1fa26fb4699fb7daa9caf09eb1999f3b70fb6e786805e80375a"},
    {file = "pyyaml-6.0.3-cp39-cp39-musllinux_1_2_aarch64.whl", hash = "sha256:fa160448684b4e94d80416c0fa4aac48967a969efe22931448d853ada8baf926"},
    {file = "pyyaml-6.0.3-cp39-cp39-musllinux_1_2_x86_64.whl", hash = "sha256:27c0abcb4a5dac13684a37f76e701e054692a9b2d3064b70f5e4eb54810553d7"},
    {file = "pyyaml-6.0.3-cp39-cp39-win32.whl", hash = "sha256:1ebe39cb5fc479422b83de611d14e2c0d3bb2a18bbcb01f229ab3cfbd8fee7a0"},
    {file = "pyyaml-6.0.3-cp39-cp39-win_amd64.whl", hash = "sha256:2e71d11abed7344e42a8849600193d15b6def118602c4c176f748e4583246007"},
    {file = "pyyaml-6.0.3.tar.gz", hash = "sha256:d76623373421df22fb4cf8817020cbb7ef15c725b9d5e45f17e189bfc384190f"},
]

[[package]]
name = "virtualenv"
version = "20.35.4"
description = "Virtual Python Environment builder"
optional = false
python-versions = ">=3.8"
groups = ["main"]
files = [
    {file = "virtualenv-20.35.4-py3-none-any.whl", hash = "sha256:c21c9cede36c9753eeade68ba7d523529f228a403463376cf821eaae2b650f1b"},
    {file = "virtualenv-20.35.4.tar.gz", hash = "sha256:643d3914d73d3eeb0c552cbb12d7e82adf0e504dbf86a3182f8771a153a1971c"},
]

[package.dependencies]
distlib = ">=0.3.7,<1"
filelock = ">=3.12.2,<4"
platformdirs = ">=3.9.1,<5"

[package.extras]
docs = ["furo (>=2023.7.26)", "proselint (>=0.13)", "sphinx (>=7.1.2,!=7.3)", "sphinx-argparse (>=0.4)", "sphinxcontrib-towncrier (>=0.2.1a0)", "towncrier (>=23.6)"]
test = ["covdefaults (>=2.3)", "coverage (>=7.2.7)", "coverage-enable-subprocess (>=1)", "flaky (>=3.7)", "packaging (>=23.1)", "pytest (>=7.4)", "pytest-env (>=0.8.2)", "pytest-freezer (>=0.4.8) ; platform_python_implementation == \"PyPy\" or platform_python_implementation == \"GraalVM\" or platform_python_implementation == \"CPython\" and sys_platform == \"win32\" and python_version >= \"3.13\"", "pytest-mock (>=3.11.1)", "pytest-randomly (>=3.12)", "pytest-timeout (>=2.1)", "setuptools (>=68)", "time-machine (>=2.10) ; platform_python_implementation == \"CPython\""]

[metadata]
lock-version = "2.1"
python-versions = "^3.11"
content-hash = "ab24892d83b1fb59a8339d140b6b27ed9d098d531d18d98836e654f40da2808f"
